
Microsoft Visual Studio Solution File, Format Version 12.00
# Visual Studio Version 16
VisualStudioVersion = 16.0.30717.126
MinimumVisualStudioVersion = 10.0.40219.1
Project("{9A19103F-16F7-4668-BE54-9A1E7A4F7556}") = "KampIntro", "KampIntro\KampIntro.csproj", "{5DE6E4D3-308D-4E0A-A248-50573C99131E}"
EndProject
Project("{9A19103F-16F7-4668-BE54-9A1E7A4F7556}") = "Donguler", "Donguler\Donguler.csproj", "{99378411-A69F-423D-B0D4-CDD4BDB66452}"
EndProject
Project("{9A19103F-16F7-4668-BE54-9A1E7A4F7556}") = "Methodlar", "Methodlar\Methodlar.csproj", "{53D2D528-1CE7-412C-93BB-C2E9FEBD7694}"
EndProject
Project("{FAE04EC0-301F-11D3-BF4B-00C04F79EFBC}") = "Matematik", "Matematik\Matematik.csproj", "{AEA12957-8DBB-452B-9CB2-DDE7C12447DB}"
EndProject
Project("{FAE04EC0-301F-11D3-BF4B-00C04F79EFBC}") = "DegerveReferansTipler", "DegerveReferansTipler\DegerveReferansTipler.csproj", "{76C2089D-083E-4D8A-B586-17F795F5AC3D}"
EndProject
Global
	GlobalSection(SolutionConfigurationPlatforms) = preSolution
		Debug|Any CPU = Debug|Any CPU
		Release|Any CPU = Release|Any CPU
	EndGlobalSection
	GlobalSection(ProjectConfigurationPlatforms) = postSolution
		{5DE6E4D3-308D-4E0A-A248-50573C99131E}.Debug|Any CPU.ActiveCfg = Debug|Any CPU
		{5DE6E4D3-308D-4E0A-A248-50573C99131E}.Debug|Any CPU.Build.0 = Debug|Any CPU
		{5DE6E4D3-308D-4E0A-A248-50573C99131E}.Release|Any CPU.ActiveCfg = Release|Any CPU
		{5DE6E4D3-308D-4E0A-A248-50573C99131E}.Release|Any CPU.Build.0 = Release|Any CPU
		{99378411-A69F-423D-B0D4-CDD4BDB66452}.Debug|Any CPU.ActiveCfg = Debug|Any CPU
		{99378411-A69F-423D-B0D4-CDD4BDB66452}.Debug|Any CPU.Build.0 = Debug|Any CPU
		{99378411-A69F-423D-B0D4-CDD4BDB66452}.Release|Any CPU.ActiveCfg = Release|Any CPU
		{99378411-A69F-423D-B0D4-CDD4BDB66452}.Release|Any CPU.Build.0 = Release|Any CPU
		{53D2D528-1CE7-412C-93BB-C2E9FEBD7694}.Debug|Any CPU.ActiveCfg = Debug|Any CPU
		{53D2D528-1CE7-412C-93BB-C2E9FEBD7694}.Debug|Any CPU.Build.0 = Debug|Any CPU
		{53D2D528-1CE7-412C-93BB-C2E9FEBD7694}.Release|Any CPU.ActiveCfg = Release|Any CPU
		{53D2D528-1CE7-412C-93BB-C2E9FEBD7694}.Release|Any CPU.Build.0 = Release|Any CPU
		{AEA12957-8DBB-452B-9CB2-DDE7C12447DB}.Debug|Any CPU.ActiveCfg = Debug|Any CPU
		{AEA12957-8DBB-452B-9CB2-DDE7C12447DB}.Debug|Any CPU.Build.0 = Debug|Any CPU
		{AEA12957-8DBB-452B-9CB2-DDE7C12447DB}.Release|Any CPU.ActiveCfg = Release|Any CPU
		{AEA12957-8DBB-452B-9CB2-DDE7C12447DB}.Release|Any CPU.Build.0 = Release|Any CPU
		{76C2089D-083E-4D8A-B586-17F795F5AC3D}.Debug|Any CPU.ActiveCfg = Debug|Any CPU
		{76C2089D-083E-4D8A-B586-17F795F5AC3D}.Debug|Any CPU.Build.0 = Debug|Any CPU
		{76C2089D-083E-4D8A-B586-17F795F5AC3D}.Release|Any CPU.ActiveCfg = Release|Any CPU
		{76C2089D-083E-4D8A-B586-17F795F5AC3D}.Release|Any CPU.Build.0 = Release|Any CPU
	EndGlobalSection
	GlobalSection(SolutionProperties) = preSolution
		HideSolutionNode = FALSE
	EndGlobalSection
	GlobalSection(ExtensibilityGlobals) = postSolution
		SolutionGuid = {58AB25FB-CF92-4E3F-88DA-7236EA3359B9}
	EndGlobalSection
EndGlobal
